{
  "originHash" : "f4d7aa807716ea91bc809a5a2a31cde8790877405c3059b653a3782432497d39",
  "pins" : [
    {
      "identity" : "swiftuinavigation",
      "kind" : "remoteSourceControl",
      "location" : "https://github.com/debuging-life/SwiftUINavigation",
      "state" : {
        "branch" : "main",
        "revision" : "fa58bbcd3b18a32529f577372a30ac9b6f49d045"
      }
    },
    {
      "identity" : "toastui",
      "kind" : "remoteSourceControl",
      "location" : "https://github.com/debuging-life/toastUI",
      "state" : {
        "branch" : "main",
        "revision" : "b9f841cd1d85723656fa79bc19430b9404573361"
      }
    }
  ],
  "version" : 3
}
